// !$*UTF8*$!
{
	archiveVersion = 1;
	classes = {
	};
	objectVersion = 77;
	objects = {

/* Begin PBXBuildFile section */
		CF55ABE72DE06D2F0023A217 /* Supabase in Frameworks */ = {isa = PBXBuildFile; productRef = CF55ABE62DE06D2F0023A217 /* Supabase */; };
		CF55ABE92DE06D5C0023A217 /* Auth in Frameworks */ = {isa = PBXBuildFile; productRef = CF55ABE82DE06D5C0023A217 /* Auth */; };
		CF55ABEB2DE06D5C0023A217 /* Functions in Frameworks */ = {isa = PBXBuildFile; productRef = CF55ABEA2DE06D5C0023A217 /* Functions */; };
		CF55ABED2DE06D5C0023A217 /* PostgREST in Frameworks */ = {isa = PBXBuildFile; productRef = CF55ABEC2DE06D5C0023A217 /* PostgREST */; };
		CF55ABEF2DE06D5C0023A217 /* Realtime in Frameworks */ = {isa = PBXBuildFile; productRef = CF55ABEE2DE06D5C0023A217 /* Realtime */; };
		CF55ABF12DE06D5C0023A217 /* Storage in Frameworks */ = {isa = PBXBuildFile; productRef = CF55ABF02DE06D5C0023A217 /* Storage */; };
/* End PBXBuildFile section */

/* Begin PBXContainerItemProxy section */
		CF83E5462DBB7E5000CF6F4C /* PBXContainerItemProxy */ = {
			isa = PBXContainerItemProxy;
			containerPortal = CF83E5302DBB7E4E00CF6F4C /* Project object */;
			proxyType = 1;
			remoteGlobalIDString = CF83E5372DBB7E4E00CF6F4C;
			remoteInfo = tivoliFanMoments;
		};
		CF83E5502DBB7E5000CF6F4C /* PBXContainerItemProxy */ = {
			isa = PBXContainerItemProxy;
			containerPortal = CF83E5302DBB7E4E00CF6F4C /* Project object */;
			proxyType = 1;
			remoteGlobalIDString = CF83E5372DBB7E4E00CF6F4C;
			remoteInfo = tivoliFanMoments;
		};
/* End PBXContainerItemProxy section */

/* Begin PBXFileReference section */
		CF83E5382DBB7E4E00CF6F4C /* tivoliFanMoments.app */ = {isa = PBXFileReference; explicitFileType = wrapper.application; includeInIndex = 0; path = tivoliFanMoments.app; sourceTree = BUILT_PRODUCTS_DIR; };
		CF83E5452DBB7E5000CF6F4C /* tivoliFanMomentsTests.xctest */ = {isa = PBXFileReference; explicitFileType = wrapper.cfbundle; includeInIndex = 0; path = tivoliFanMomentsTests.xctest; sourceTree = BUILT_PRODUCTS_DIR; };
		CF83E54F2DBB7E5000CF6F4C /* tivoliFanMomentsUITests.xctest */ = {isa = PBXFileReference; explicitFileType = wrapper.cfbundle; includeInIndex = 0; path = tivoliFanMomentsUITests.xctest; sourceTree = BUILT_PRODUCTS_DIR; };
/* End PBXFileReference section */

/* Begin PBXFileSystemSynchronizedRootGroup section */
		238FF40C2DE44AB70048F344 /* extensions */ = {
			isa = PBXFileSystemSynchronizedRootGroup;
			path = extensions;
			sourceTree = "<group>";
		};
		CF55ABF22DE06E4A0023A217 /* viewModel */ = {
			isa = PBXFileSystemSynchronizedRootGroup;
			path = viewModel;
			sourceTree = "<group>";
		};
		CF83E53A2DBB7E4E00CF6F4C /* tivoliFanMoments */ = {
			isa = PBXFileSystemSynchronizedRootGroup;
			path = tivoliFanMoments;
			sourceTree = "<group>";
		};
		CF83E5482DBB7E5000CF6F4C /* tivoliFanMomentsTests */ = {
			isa = PBXFileSystemSynchronizedRootGroup;
			path = tivoliFanMomentsTests;
			sourceTree = "<group>";
		};
		CF83E5522DBB7E5000CF6F4C /* tivoliFanMomentsUITests */ = {
			isa = PBXFileSystemSynchronizedRootGroup;
			path = tivoliFanMomentsUITests;
			sourceTree = "<group>";
		};
		CFF3EE952DE5B4D30087B9CB /* utilities */ = {
			isa = PBXFileSystemSynchronizedRootGroup;
			path = utilities;
			sourceTree = "<group>";
		};
		CFF3EE992DE5B54D0087B9CB /* model */ = {
			isa = PBXFileSystemSynchronizedRootGroup;
			path = model;
			sourceTree = "<group>";
		};
		CFF3EE9D2DE5B59A0087B9CB /* Services */ = {
			isa = PBXFileSystemSynchronizedRootGroup;
			path = Services;
			sourceTree = "<group>";
		};
/* End PBXFileSystemSynchronizedRootGroup section */

/* Begin PBXFrameworksBuildPhase section */
		CF83E5352DBB7E4E00CF6F4C /* Frameworks */ = {
			isa = PBXFrameworksBuildPhase;
			buildActionMask = 2147483647;
			files = (
				CF55ABF12DE06D5C0023A217 /* Storage in Frameworks */,
				CF55ABED2DE06D5C0023A217 /* PostgREST in Frameworks */,
				CF55ABEB2DE06D5C0023A217 /* Functions in Frameworks */,
				CF55ABE92DE06D5C0023A217 /* Auth in Frameworks */,
				CF55ABEF2DE06D5C0023A217 /* Realtime in Frameworks */,
				CF55ABE72DE06D2F0023A217 /* Supabase in Frameworks */,
			);
			runOnlyForDeploymentPostprocessing = 0;
		};
		CF83E5422DBB7E5000CF6F4C /* Frameworks */ = {
			isa = PBXFrameworksBuildPhase;
			buildActionMask = 2147483647;
			files = (
			);
			runOnlyForDeploymentPostprocessing = 0;
		};
		CF83E54C2DBB7E5000CF6F4C /* Frameworks */ = {
			isa = PBXFrameworksBuildPhase;
			buildActionMask = 2147483647;
			files = (
			);
			runOnlyForDeploymentPostprocessing = 0;
		};
/* End PBXFrameworksBuildPhase section */

/* Begin PBXGroup section */
		CF83E52F2DBB7E4E00CF6F4C = {
			isa = PBXGroup;
			children = (
				CFF3EE9D2DE5B59A0087B9CB /* Services */,
				CFF3EE992DE5B54D0087B9CB /* model */,
				CFF3EE952DE5B4D30087B9CB /* utilities */,
				238FF40C2DE44AB70048F344 /* extensions */,
				CF55ABF22DE06E4A0023A217 /* viewModel */,
				CF83E53A2DBB7E4E00CF6F4C /* tivoliFanMoments */,
				CF83E5482DBB7E5000CF6F4C /* tivoliFanMomentsTests */,
				CF83E5522DBB7E5000CF6F4C /* tivoliFanMomentsUITests */,
				CF83E5392DBB7E4E00CF6F4C /* Products */,
			);
			sourceTree = "<group>";
		};
		CF83E5392DBB7E4E00CF6F4C /* Products */ = {
			isa = PBXGroup;
			children = (
				CF83E5382DBB7E4E00CF6F4C /* tivoliFanMoments.app */,
				CF83E5452DBB7E5000CF6F4C /* tivoliFanMomentsTests.xctest */,
				CF83E54F2DBB7E5000CF6F4C /* tivoliFanMomentsUITests.xctest */,
			);
			name = Products;
			sourceTree = "<group>";
		};
/* End PBXGroup section */

/* Begin PBXNativeTarget section */
		CF83E5372DBB7E4E00CF6F4C /* tivoliFanMoments */ = {
			isa = PBXNativeTarget;
			buildConfigurationList = CF83E5592DBB7E5000CF6F4C /* Build configuration list for PBXNativeTarget "tivoliFanMoments" */;
			buildPhases = (
				CF83E5342DBB7E4E00CF6F4C /* Sources */,
				CF83E5352DBB7E4E00CF6F4C /* Frameworks */,
				CF83E5362DBB7E4E00CF6F4C /* Resources */,
			);
			buildRules = (
			);
			dependencies = (
			);
			fileSystemSynchronizedGroups = (
				238FF40C2DE44AB70048F344 /* extensions */,
				CF55ABF22DE06E4A0023A217 /* viewModel */,
				CF83E53A2DBB7E4E00CF6F4C /* tivoliFanMoments */,
				CFF3EE952DE5B4D30087B9CB /* utilities */,
				CFF3EE992DE5B54D0087B9CB /* model */,
				CFF3EE9D2DE5B59A0087B9CB /* Services */,
			);
			name = tivoliFanMoments;
			packageProductDependencies = (
				CF55ABE62DE06D2F0023A217 /* Supabase */,
				CF55ABE82DE06D5C0023A217 /* Auth */,
				CF55ABEA2DE06D5C0023A217 /* Functions */,
				CF55ABEC2DE06D5C0023A217 /* PostgREST */,
				CF55ABEE2DE06D5C0023A217 /* Realtime */,
				CF55ABF02DE06D5C0023A217 /* Storage */,
			);
			productName = tivoliFanMoments;
			productReference = CF83E5382DBB7E4E00CF6F4C /* tivoliFanMoments.app */;
			productType = "com.apple.product-type.application";
		};
		CF83E5442DBB7E5000CF6F4C /* tivoliFanMomentsTests */ = {
			isa = PBXNativeTarget;
			buildConfigurationList = CF83E55C2DBB7E5000CF6F4C /* Build configuration list for PBXNativeTarget "tivoliFanMomentsTests" */;
			buildPhases = (
				CF83E5412DBB7E5000CF6F4C /* Sources */,
				CF83E5422DBB7E5000CF6F4C /* Frameworks */,
				CF83E5432DBB7E5000CF6F4C /* Resources */,
			);
			buildRules = (
			);
			dependencies = (
				CF83E5472DBB7E5000CF6F4C /* PBXTargetDependency */,
			);
			fileSystemSynchronizedGroups = (
				CF83E5482DBB7E5000CF6F4C /* tivoliFanMomentsTests */,
			);
			name = tivoliFanMomentsTests;
			packageProductDependencies = (
			);
			productName = tivoliFanMomentsTests;
			productReference = CF83E5452DBB7E5000CF6F4C /* tivoliFanMomentsTests.xctest */;
			productType = "com.apple.product-type.bundle.unit-test";
		};
		CF83E54E2DBB7E5000CF6F4C /* tivoliFanMomentsUITests */ = {
			isa = PBXNativeTarget;
			buildConfigurationList = CF83E55F2DBB7E5000CF6F4C /* Build configuration list for PBXNativeTarget "tivoliFanMomentsUITests" */;
			buildPhases = (
				CF83E54B2DBB7E5000CF6F4C /* Sources */,
				CF83E54C2DBB7E5000CF6F4C /* Frameworks */,
				CF83E54D2DBB7E5000CF6F4C /* Resources */,
			);
			buildRules = (
			);
			dependencies = (
				CF83E5512DBB7E5000CF6F4C /* PBXTargetDependency */,
			);
			fileSystemSynchronizedGroups = (
				CF83E5522DBB7E5000CF6F4C /* tivoliFanMomentsUITests */,
			);
			name = tivoliFanMomentsUITests;
			packageProductDependencies = (
			);
			productName = tivoliFanMomentsUITests;
			productReference = CF83E54F2DBB7E5000CF6F4C /* tivoliFanMomentsUITests.xctest */;
			productType = "com.apple.product-type.bundle.ui-testing";
		};
/* End PBXNativeTarget section */

/* Begin PBXProject section */
		CF83E5302DBB7E4E00CF6F4C /* Project object */ = {
			isa = PBXProject;
			attributes = {
				BuildIndependentTargetsInParallel = 1;
				LastSwiftUpdateCheck = 1630;
				LastUpgradeCheck = 1630;
				TargetAttributes = {
					CF83E5372DBB7E4E00CF6F4C = {
						CreatedOnToolsVersion = 16.3;
					};
					CF83E5442DBB7E5000CF6F4C = {
						CreatedOnToolsVersion = 16.3;
						TestTargetID = CF83E5372DBB7E4E00CF6F4C;
					};
					CF83E54E2DBB7E5000CF6F4C = {
						CreatedOnToolsVersion = 16.3;
						TestTargetID = CF83E5372DBB7E4E00CF6F4C;
					};
				};
			};
			buildConfigurationList = CF83E5332DBB7E4E00CF6F4C /* Build configuration list for PBXProject "tivoliFanMoments" */;
			developmentRegion = en;
			hasScannedForEncodings = 0;
			knownRegions = (
				en,
				Base,
			);
			mainGroup = CF83E52F2DBB7E4E00CF6F4C;
			minimizedProjectReferenceProxies = 1;
			packageReferences = (
				CF55ABE52DE06C7F0023A217 /* XCRemoteSwiftPackageReference "supabase-swift" */,
			);
			preferredProjectObjectVersion = 77;
			productRefGroup = CF83E5392DBB7E4E00CF6F4C /* Products */;
			projectDirPath = "";
			projectRoot = "";
			targets = (
				CF83E5372DBB7E4E00CF6F4C /* tivoliFanMoments */,
				CF83E5442DBB7E5000CF6F4C /* tivoliFanMomentsTests */,
				CF83E54E2DBB7E5000CF6F4C /* tivoliFanMomentsUITests */,
			);
		};
/* End PBXProject section */

/* Begin PBXResourcesBuildPhase section */
		CF83E5362DBB7E4E00CF6F4C /* Resources */ = {
			isa = PBXResourcesBuildPhase;
			buildActionMask = 2147483647;
			files = (
			);
			runOnlyForDeploymentPostprocessing = 0;
		};
		CF83E5432DBB7E5000CF6F4C /* Resources */ = {
			isa = PBXResourcesBuildPhase;
			buildActionMask = 2147483647;
			files = (
			);
			runOnlyForDeploymentPostprocessing = 0;
		};
		CF83E54D2DBB7E5000CF6F4C /* Resources */ = {
			isa = PBXResourcesBuildPhase;
			buildActionMask = 2147483647;
			files = (
			);
			runOnlyForDeploymentPostprocessing = 0;
		};
/* End PBXResourcesBuildPhase section */

/* Begin PBXSourcesBuildPhase section */
		CF83E5342DBB7E4E00CF6F4C /* Sources */ = {
			isa = PBXSourcesBuildPhase;
			buildActionMask = 2147483647;
			files = (
			);
			runOnlyForDeploymentPostprocessing = 0;
		};
		CF83E5412DBB7E5000CF6F4C /* Sources */ = {
			isa = PBXSourcesBuildPhase;
			buildActionMask = 2147483647;
			files = (
			);
			runOnlyForDeploymentPostprocessing = 0;
		};
		CF83E54B2DBB7E5000CF6F4C /* Sources */ = {
			isa = PBXSourcesBuildPhase;
			buildActionMask = 2147483647;
			files = (
			);
			runOnlyForDeploymentPostprocessing = 0;
		};
/* End PBXSourcesBuildPhase section */

/* Begin PBXTargetDependency section */
		CF83E5472DBB7E5000CF6F4C /* PBXTargetDependency */ = {
			isa = PBXTargetDependency;
			target = CF83E5372DBB7E4E00CF6F4C /* tivoliFanMoments */;
			targetProxy = CF83E5462DBB7E5000CF6F4C /* PBXContainerItemProxy */;
		};
		CF83E5512DBB7E5000CF6F4C /* PBXTargetDependency */ = {
			isa = PBXTargetDependency;
			target = CF83E5372DBB7E4E00CF6F4C /* tivoliFanMoments */;
			targetProxy = CF83E5502DBB7E5000CF6F4C /* PBXContainerItemProxy */;
		};
/* End PBXTargetDependency section */

/* Begin XCBuildConfiguration section */
		CF83E5572DBB7E5000CF6F4C /* Debug */ = {
			isa = XCBuildConfiguration;
			buildSettings = {
				ALWAYS_SEARCH_USER_PATHS = NO;
				ASSETCATALOG_COMPILER_GENERATE_SWIFT_ASSET_SYMBOL_EXTENSIONS = YES;
				CLANG_ANALYZER_NONNULL = YES;
				CLANG_ANALYZER_NUMBER_OBJECT_CONVERSION = YES_AGGRESSIVE;
				CLANG_CXX_LANGUAGE_STANDARD = "gnu++20";
				CLANG_ENABLE_MODULES = YES;
				CLANG_ENABLE_OBJC_ARC = YES;
				CLANG_ENABLE_OBJC_WEAK = YES;
				CLANG_WARN_BLOCK_CAPTURE_AUTORELEASING = YES;
				CLANG_WARN_BOOL_CONVERSION = YES;
				CLANG_WARN_COMMA = YES;
				CLANG_WARN_CONSTANT_CONVERSION = YES;
				CLANG_WARN_DEPRECATED_OBJC_IMPLEMENTATIONS = YES;
				CLANG_WARN_DIRECT_OBJC_ISA_USAGE = YES_ERROR;
				CLANG_WARN_DOCUMENTATION_COMMENTS = YES;
				CLANG_WARN_EMPTY_BODY = YES;
				CLANG_WARN_ENUM_CONVERSION = YES;
				CLANG_WARN_INFINITE_RECURSION = YES;
				CLANG_WARN_INT_CONVERSION = YES;
				CLANG_WARN_NON_LITERAL_NULL_CONVERSION = YES;
				CLANG_WARN_OBJC_IMPLICIT_RETAIN_SELF = YES;
				CLANG_WARN_OBJC_LITERAL_CONVERSION = YES;
				CLANG_WARN_OBJC_ROOT_CLASS = YES_ERROR;
				CLANG_WARN_QUOTED_INCLUDE_IN_FRAMEWORK_HEADER = YES;
				CLANG_WARN_RANGE_LOOP_ANALYSIS = YES;
				CLANG_WARN_STRICT_PROTOTYPES = YES;
				CLANG_WARN_SUSPICIOUS_MOVE = YES;
				CLANG_WARN_UNGUARDED_AVAILABILITY = YES_AGGRESSIVE;
				CLANG_WARN_UNREACHABLE_CODE = YES;
				CLANG_WARN__DUPLICATE_METHOD_MATCH = YES;
				COPY_PHASE_STRIP = NO;
				DEBUG_INFORMATION_FORMAT = dwarf;
				ENABLE_STRICT_OBJC_MSGSEND = YES;
				ENABLE_TESTABILITY = YES;
				ENABLE_USER_SCRIPT_SANDBOXING = YES;
				GCC_C_LANGUAGE_STANDARD = gnu17;
				GCC_DYNAMIC_NO_PIC = NO;
				GCC_NO_COMMON_BLOCKS = YES;
				GCC_OPTIMIZATION_LEVEL = 0;
				GCC_PREPROCESSOR_DEFINITIONS = (
					"DEBUG=1",
					"$(inherited)",
				);
				GCC_WARN_64_TO_32_BIT_CONVERSION = YES;
				GCC_WARN_ABOUT_RETURN_TYPE = YES_ERROR;
				GCC_WARN_UNDECLARED_SELECTOR = YES;
				GCC_WARN_UNINITIALIZED_AUTOS = YES_AGGRESSIVE;
				GCC_WARN_UNUSED_FUNCTION = YES;
				GCC_WARN_UNUSED_VARIABLE = YES;
				IPHONEOS_DEPLOYMENT_TARGET = 18.4;
				LOCALIZATION_PREFERS_STRING_CATALOGS = YES;
				MTL_ENABLE_DEBUG_INFO = INCLUDE_SOURCE;
				MTL_FAST_MATH = YES;
				ONLY_ACTIVE_ARCH = YES;
				SDKROOT = iphoneos;
				SWIFT_ACTIVE_COMPILATION_CONDITIONS = "DEBUG $(inherited)";
				SWIFT_OPTIMIZATION_LEVEL = "-Onone";
			};
			name = Debug;
		};
		CF83E5582DBB7E5000CF6F4C /* Release */ = {
			isa = XCBuildConfiguration;
			buildSettings = {
				ALWAYS_SEARCH_USER_PATHS = NO;
				ASSETCATALOG_COMPILER_GENERATE_SWIFT_ASSET_SYMBOL_EXTENSIONS = YES;
				CLANG_ANALYZER_NONNULL = YES;
				CLANG_ANALYZER_NUMBER_OBJECT_CONVERSION = YES_AGGRESSIVE;
				CLANG_CXX_LANGUAGE_STANDARD = "gnu++20";
				CLANG_ENABLE_MODULES = YES;
				CLANG_ENABLE_OBJC_ARC = YES;
				CLANG_ENABLE_OBJC_WEAK = YES;
				CLANG_WARN_BLOCK_CAPTURE_AUTORELEASING = YES;
				CLANG_WARN_BOOL_CONVERSION = YES;
				CLANG_WARN_COMMA = YES;
				CLANG_WARN_CONSTANT_CONVERSION = YES;
				CLANG_WARN_DEPRECATED_OBJC_IMPLEMENTATIONS = YES;
				CLANG_WARN_DIRECT_OBJC_ISA_USAGE = YES_ERROR;
				CLANG_WARN_DOCUMENTATION_COMMENTS = YES;
				CLANG_WARN_EMPTY_BODY = YES;
				CLANG_WARN_ENUM_CONVERSION = YES;
				CLANG_WARN_INFINITE_RECURSION = YES;
				CLANG_WARN_INT_CONVERSION = YES;
				CLANG_WARN_NON_LITERAL_NULL_CONVERSION = YES;
				CLANG_WARN_OBJC_IMPLICIT_RETAIN_SELF = YES;
				CLANG_WARN_OBJC_LITERAL_CONVERSION = YES;
				CLANG_WARN_OBJC_ROOT_CLASS = YES_ERROR;
				CLANG_WARN_QUOTED_INCLUDE_IN_FRAMEWORK_HEADER = YES;
				CLANG_WARN_RANGE_LOOP_ANALYSIS = YES;
				CLANG_WARN_STRICT_PROTOTYPES = YES;
				CLANG_WARN_SUSPICIOUS_MOVE = YES;
				CLANG_WARN_UNGUARDED_AVAILABILITY = YES_AGGRESSIVE;
				CLANG_WARN_UNREACHABLE_CODE = YES;
				CLANG_WARN__DUPLICATE_METHOD_MATCH = YES;
				COPY_PHASE_STRIP = NO;
				DEBUG_INFORMATION_FORMAT = "dwarf-with-dsym";
				ENABLE_NS_ASSERTIONS = NO;
				ENABLE_STRICT_OBJC_MSGSEND = YES;
				ENABLE_USER_SCRIPT_SANDBOXING = YES;
				GCC_C_LANGUAGE_STANDARD = gnu17;
				GCC_NO_COMMON_BLOCKS = YES;
				GCC_WARN_64_TO_32_BIT_CONVERSION = YES;
				GCC_WARN_ABOUT_RETURN_TYPE = YES_ERROR;
				GCC_WARN_UNDECLARED_SELECTOR = YES;
				GCC_WARN_UNINITIALIZED_AUTOS = YES_AGGRESSIVE;
				GCC_WARN_UNUSED_FUNCTION = YES;
				GCC_WARN_UNUSED_VARIABLE = YES;
				IPHONEOS_DEPLOYMENT_TARGET = 18.4;
				LOCALIZATION_PREFERS_STRING_CATALOGS = YES;
				MTL_ENABLE_DEBUG_INFO = NO;
				MTL_FAST_MATH = YES;
				SDKROOT = iphoneos;
				SWIFT_COMPILATION_MODE = wholemodule;
				VALIDATE_PRODUCT = YES;
			};
			name = Release;
		};
		CF83E55A2DBB7E5000CF6F4C /* Debug */ = {
			isa = XCBuildConfiguration;
			buildSettings = {
				ASSETCATALOG_COMPILER_APPICON_NAME = AppIcon;
				ASSETCATALOG_COMPILER_GLOBAL_ACCENT_COLOR_NAME = AccentColor;
				CODE_SIGN_STYLE = Automatic;
				CURRENT_PROJECT_VERSION = 1;
				ENABLE_PREVIEWS = YES;
				GENERATE_INFOPLIST_FILE = YES;
				INFOPLIST_KEY_UIApplicationSceneManifest_Generation = YES;
				INFOPLIST_KEY_UIApplicationSupportsIndirectInputEvents = YES;
				INFOPLIST_KEY_UILaunchScreen_Generation = YES;
				INFOPLIST_KEY_UISupportedInterfaceOrientations_iPad = "UIInterfaceOrientationPortrait UIInterfaceOrientationPortraitUpsideDown UIInterfaceOrientationLandscapeLeft UIInterfaceOrientationLandscapeRight";
				INFOPLIST_KEY_UISupportedInterfaceOrientations_iPhone = "UIInterfaceOrientationPortrait UIInterfaceOrientationLandscapeLeft UIInterfaceOrientationLandscapeRight";
				LD_RUNPATH_SEARCH_PATHS = (
					"$(inherited)",
					"@executable_path/Frameworks",
				);
				MARKETING_VERSION = 1.0;
				PRODUCT_BUNDLE_IDENTIFIER = com.test.tivoliFanMoments;
				PRODUCT_NAME = "$(TARGET_NAME)";
				SWIFT_EMIT_LOC_STRINGS = YES;
				SWIFT_VERSION = 5.0;
				TARGETED_DEVICE_FAMILY = "1,2";
			};
			name = Debug;
		};
		CF83E55B2DBB7E5000CF6F4C /* Release */ = {
			isa = XCBuildConfiguration;
			buildSettings = {
				ASSETCATALOG_COMPILER_APPICON_NAME = AppIcon;
				ASSETCATALOG_COMPILER_GLOBAL_ACCENT_COLOR_NAME = AccentColor;
				CODE_SIGN_STYLE = Automatic;
				CURRENT_PROJECT_VERSION = 1;
				ENABLE_PREVIEWS = YES;
				GENERATE_INFOPLIST_FILE = YES;
				INFOPLIST_KEY_UIApplicationSceneManifest_Generation = YES;
				INFOPLIST_KEY_UIApplicationSupportsIndirectInputEvents = YES;
				INFOPLIST_KEY_UILaunchScreen_Generation = YES;
				INFOPLIST_KEY_UISupportedInterfaceOrientations_iPad = "UIInterfaceOrientationPortrait UIInterfaceOrientationPortraitUpsideDown UIInterfaceOrientationLandscapeLeft UIInterfaceOrientationLandscapeRight";
				INFOPLIST_KEY_UISupportedInterfaceOrientations_iPhone = "UIInterfaceOrientationPortrait UIInterfaceOrientationLandscapeLeft UIInterfaceOrientationLandscapeRight";
				LD_RUNPATH_SEARCH_PATHS = (
					"$(inherited)",
					"@executable_path/Frameworks",
				);
				MARKETING_VERSION = 1.0;
				PRODUCT_BUNDLE_IDENTIFIER = com.test.tivoliFanMoments;
				PRODUCT_NAME = "$(TARGET_NAME)";
				SWIFT_EMIT_LOC_STRINGS = YES;
				SWIFT_VERSION = 5.0;
				TARGETED_DEVICE_FAMILY = "1,2";
			};
			name = Release;
		};
		CF83E55D2DBB7E5000CF6F4C /* Debug */ = {
			isa = XCBuildConfiguration;
			buildSettings = {
				BUNDLE_LOADER = "$(TEST_HOST)";
				CODE_SIGN_STYLE = Automatic;
				CURRENT_PROJECT_VERSION = 1;
				GENERATE_INFOPLIST_FILE = YES;
				IPHONEOS_DEPLOYMENT_TARGET = 18.4;
				MARKETING_VERSION = 1.0;
				PRODUCT_BUNDLE_IDENTIFIER = com.test.tivoliFanMomentsTests;
				PRODUCT_NAME = "$(TARGET_NAME)";
				SWIFT_EMIT_LOC_STRINGS = NO;
				SWIFT_VERSION = 5.0;
				TARGETED_DEVICE_FAMILY = "1,2";
				TEST_HOST = "$(BUILT_PRODUCTS_DIR)/tivoliFanMoments.app/$(BUNDLE_EXECUTABLE_FOLDER_PATH)/tivoliFanMoments";
			};
			name = Debug;
		};
		CF83E55E2DBB7E5000CF6F4C /* Release */ = {
			isa = XCBuildConfiguration;
			buildSettings = {
				BUNDLE_LOADER = "$(TEST_HOST)";
				CODE_SIGN_STYLE = Automatic;
				CURRENT_PROJECT_VERSION = 1;
				GENERATE_INFOPLIST_FILE = YES;
				IPHONEOS_DEPLOYMENT_TARGET = 18.4;
				MARKETING_VERSION = 1.0;
				PRODUCT_BUNDLE_IDENTIFIER = com.test.tivoliFanMomentsTests;
				PRODUCT_NAME = "$(TARGET_NAME)";
				SWIFT_EMIT_LOC_STRINGS = NO;
				SWIFT_VERSION = 5.0;
				TARGETED_DEVICE_FAMILY = "1,2";
				TEST_HOST = "$(BUILT_PRODUCTS_DIR)/tivoliFanMoments.app/$(BUNDLE_EXECUTABLE_FOLDER_PATH)/tivoliFanMoments";
			};
			name = Release;
		};
		CF83E5602DBB7E5000CF6F4C /* Debug */ = {
			isa = XCBuildConfiguration;
			buildSettings = {
				CODE_SIGN_STYLE = Automatic;
				CURRENT_PROJECT_VERSION = 1;
				GENERATE_INFOPLIST_FILE = YES;
				MARKETING_VERSION = 1.0;
				PRODUCT_BUNDLE_IDENTIFIER = com.test.tivoliFanMomentsUITests;
				PRODUCT_NAME = "$(TARGET_NAME)";
				SWIFT_EMIT_LOC_STRINGS = NO;
				SWIFT_VERSION = 5.0;
				TARGETED_DEVICE_FAMILY = "1,2";
				TEST_TARGET_NAME = tivoliFanMoments;
			};
			name = Debug;
		};
		CF83E5612DBB7E5000CF6F4C /* Release */ = {
			isa = XCBuildConfiguration;
			buildSettings = {
				CODE_SIGN_STYLE = Automatic;
				CURRENT_PROJECT_VERSION = 1;
				GENERATE_INFOPLIST_FILE = YES;
				MARKETING_VERSION = 1.0;
				PRODUCT_BUNDLE_IDENTIFIER = com.test.tivoliFanMomentsUITests;
				PRODUCT_NAME = "$(TARGET_NAME)";
				SWIFT_EMIT_LOC_STRINGS = NO;
				SWIFT_VERSION = 5.0;
				TARGETED_DEVICE_FAMILY = "1,2";
				TEST_TARGET_NAME = tivoliFanMoments;
			};
			name = Release;
		};
/* End XCBuildConfiguration section */

/* Begin XCConfigurationList section */
		CF83E5332DBB7E4E00CF6F4C /* Build configuration list for PBXProject "tivoliFanMoments" */ = {
			isa = XCConfigurationList;
			buildConfigurations = (
				CF83E5572DBB7E5000CF6F4C /* Debug */,
				CF83E5582DBB7E5000CF6F4C /* Release */,
			);
			defaultConfigurationIsVisible = 0;
			defaultConfigurationName = Release;
		};
		CF83E5592DBB7E5000CF6F4C /* Build configuration list for PBXNativeTarget "tivoliFanMoments" */ = {
			isa = XCConfigurationList;
			buildConfigurations = (
				CF83E55A2DBB7E5000CF6F4C /* Debug */,
				CF83E55B2DBB7E5000CF6F4C /* Release */,
			);
			defaultConfigurationIsVisible = 0;
			defaultConfigurationName = Release;
		};
		CF83E55C2DBB7E5000CF6F4C /* Build configuration list for PBXNativeTarget "tivoliFanMomentsTests" */ = {
			isa = XCConfigurationList;
			buildConfigurations = (
				CF83E55D2DBB7E5000CF6F4C /* Debug */,
				CF83E55E2DBB7E5000CF6F4C /* Release */,
			);
			defaultConfigurationIsVisible = 0;
			defaultConfigurationName = Release;
		};
		CF83E55F2DBB7E5000CF6F4C /* Build configuration list for PBXNativeTarget "tivoliFanMomentsUITests" */ = {
			isa = XCConfigurationList;
			buildConfigurations = (
				CF83E5602DBB7E5000CF6F4C /* Debug */,
				CF83E5612DBB7E5000CF6F4C /* Release */,
			);
			defaultConfigurationIsVisible = 0;
			defaultConfigurationName = Release;
		};
/* End XCConfigurationList section */

/* Begin XCRemoteSwiftPackageReference section */
		CF55ABE52DE06C7F0023A217 /* XCRemoteSwiftPackageReference "supabase-swift" */ = {
			isa = XCRemoteSwiftPackageReference;
			repositoryURL = "https://github.com/supabase/supabase-swift.git";
			requirement = {
				kind = upToNextMajorVersion;
				minimumVersion = 2.5.1;
			};
		};
/* End XCRemoteSwiftPackageReference section */

/* Begin XCSwiftPackageProductDependency section */
		CF55ABE62DE06D2F0023A217 /* Supabase */ = {
			isa = XCSwiftPackageProductDependency;
			package = CF55ABE52DE06C7F0023A217 /* XCRemoteSwiftPackageReference "supabase-swift" */;
			productName = Supabase;
		};
		CF55ABE82DE06D5C0023A217 /* Auth */ = {
			isa = XCSwiftPackageProductDependency;
			package = CF55ABE52DE06C7F0023A217 /* XCRemoteSwiftPackageReference "supabase-swift" */;
			productName = Auth;
		};
		CF55ABEA2DE06D5C0023A217 /* Functions */ = {
			isa = XCSwiftPackageProductDependency;
			package = CF55ABE52DE06C7F0023A217 /* XCRemoteSwiftPackageReference "supabase-swift" */;
			productName = Functions;
		};
		CF55ABEC2DE06D5C0023A217 /* PostgREST */ = {
			isa = XCSwiftPackageProductDependency;
			package = CF55ABE52DE06C7F0023A217 /* XCRemoteSwiftPackageReference "supabase-swift" */;
			productName = PostgREST;
		};
		CF55ABEE2DE06D5C0023A217 /* Realtime */ = {
			isa = XCSwiftPackageProductDependency;
			package = CF55ABE52DE06C7F0023A217 /* XCRemoteSwiftPackageReference "supabase-swift" */;
			productName = Realtime;
		};
		CF55ABF02DE06D5C0023A217 /* Storage */ = {
			isa = XCSwiftPackageProductDependency;
			package = CF55ABE52DE06C7F0023A217 /* XCRemoteSwiftPackageReference "supabase-swift" */;
			productName = Storage;
		};
/* End XCSwiftPackageProductDependency section */
	};
	rootObject = CF83E5302DBB7E4E00CF6F4C /* Project object */;
}
